
Microsoft Visual Studio Solution File, Format Version 12.00
# Visual Studio Version 16
VisualStudioVersion = 16.0.29806.167
MinimumVisualStudioVersion = 10.0.40219.1
Project("{FAE04EC0-301F-11D3-BF4B-00C04F79EFBC}") = "Laba2b", "Laba2b.csproj", "{016D3C49-D539-46F5-BC7F-FE9B3E9DC421}"
EndProject
Global
	GlobalSection(SolutionConfigurationPlatforms) = preSolution
		Debug|Any CPU = Debug|Any CPU
		Release|Any CPU = Release|Any CPU
	EndGlobalSection
	GlobalSection(ProjectConfigurationPlatforms) = postSolution
		{016D3C49-D539-46F5-BC7F-FE9B3E9DC421}.Debug|Any CPU.ActiveCfg = Debug|Any CPU
		{016D3C49-D539-46F5-BC7F-FE9B3E9DC421}.Debug|Any CPU.Build.0 = Debug|Any CPU
		{016D3C49-D539-46F5-BC7F-FE9B3E9DC421}.Release|Any CPU.ActiveCfg = Release|Any CPU
		{016D3C49-D539-46F5-BC7F-FE9B3E9DC421}.Release|Any CPU.Build.0 = Release|Any CPU
	EndGlobalSection
	GlobalSection(SolutionProperties) = preSolution
		HideSolutionNode = FALSE
	EndGlobalSection
	GlobalSection(ExtensibilityGlobals) = postSolution
		SolutionGuid = {8D7C294B-8AD6-4DAD-B1E6-B852BA068888}
	EndGlobalSection
EndGlobal
